{
  "name": "horcrux",
  "version": "1.0.0",
  "lockfileVersion": 1,
  "requires": true,
  "dependencies": {
    "secrets.js-grempe": {
      "version": "2.0.0",
      "resolved": "https://registry.npmjs.org/secrets.js-grempe/-/secrets.js-grempe-2.0.0.tgz",
      "integrity": "sha512-4xkOIaDAg998dTFXZUJTOoVbdLHfB818SMeLJ69ABccgGEKokxsoRFupAFfAImloUSKv4QUGNMgKVbKMf6z0Ug=="
    }
  }
}
